
Microsoft Visual Studio Solution File, Format Version 12.00
# Visual Studio 14
VisualStudioVersion = 14.0.24720.0
MinimumVisualStudioVersion = 10.0.40219.1
Project("{9092AA53-FB77-4645-B42D-1CCCA6BD08BD}") = "RobustResumeMaker", "RobustResumeMaker\RobustResumeMaker.njsproj", "{EB49E961-D27F-4FF8-84F8-68DC221239A7}"
EndProject
Project("{2150E333-8FDC-42A3-9474-1A3956D46DE8}") = "models", "models", "{CB875D8B-023E-467D-A0EF-30A3FF9C89D9}"
	ProjectSection(SolutionItems) = preProject
		SubjectViews.js = SubjectViews.js
	EndProjectSection
EndProject
Project("{2150E333-8FDC-42A3-9474-1A3956D46DE8}") = "app", "app", "{726F218C-16FD-418F-8BCA-45D4343964BB}"
	ProjectSection(SolutionItems) = preProject
		route.js = route.js
	EndProjectSection
EndProject
Global
	GlobalSection(SolutionConfigurationPlatforms) = preSolution
		Debug|Any CPU = Debug|Any CPU
		Release|Any CPU = Release|Any CPU
	EndGlobalSection
	GlobalSection(ProjectConfigurationPlatforms) = postSolution
		{EB49E961-D27F-4FF8-84F8-68DC221239A7}.Debug|Any CPU.ActiveCfg = Debug|Any CPU
		{EB49E961-D27F-4FF8-84F8-68DC221239A7}.Debug|Any CPU.Build.0 = Debug|Any CPU
		{EB49E961-D27F-4FF8-84F8-68DC221239A7}.Release|Any CPU.ActiveCfg = Release|Any CPU
		{EB49E961-D27F-4FF8-84F8-68DC221239A7}.Release|Any CPU.Build.0 = Release|Any CPU
	EndGlobalSection
	GlobalSection(SolutionProperties) = preSolution
		HideSolutionNode = FALSE
	EndGlobalSection
	GlobalSection(NestedProjects) = preSolution
		{CB875D8B-023E-467D-A0EF-30A3FF9C89D9} = {726F218C-16FD-418F-8BCA-45D4343964BB}
	EndGlobalSection
EndGlobal
